{
  "name": "meca3-example-oscillator",
  "version": "1.0.0",
  "lockfileVersion": 1,
  "requires": true,
  "dependencies": {
    "meca3": {
      "version": "4.0.1",
      "resolved": "https://registry.npmjs.org/meca3/-/meca3-4.0.1.tgz",
      "integrity": "sha512-xKt0Z+UbzxadrUFLd9SNtvLSA1wqxraHrmZO+oOzCx6IczUv4qgUKEO/3FUNWNhO1Ru/2QGCRr0cYlvHN76LFA=="
    },
    "three": {
      "version": "0.105.2",
      "resolved": "https://registry.npmjs.org/three/-/three-0.105.2.tgz",
      "integrity": "sha512-L3Al37k4g3hVbgFFS251UVtIc25chhyN0/RvXzR0C+uIBToV6EKDG+MZzEXm9L2miGUVMK27W46/VkP6WUZXMg=="
    }
  }
}
